
Microsoft Visual Studio Solution File, Format Version 12.00
# Visual Studio 15
VisualStudioVersion = 15.0.27130.2010
MinimumVisualStudioVersion = 10.0.40219.1
Project("{FAE04EC0-301F-11D3-BF4B-00C04F79EFBC}") = "NeuralQLearningFinal", "NeuralQLearningFinal\NeuralQLearningFinal.csproj", "{DC669ED7-BEC8-46B0-AB58-E9911452EFE9}"
EndProject
Global
	GlobalSection(SolutionConfigurationPlatforms) = preSolution
		Debug|Any CPU = Debug|Any CPU
		Release|Any CPU = Release|Any CPU
	EndGlobalSection
	GlobalSection(ProjectConfigurationPlatforms) = postSolution
		{DC669ED7-BEC8-46B0-AB58-E9911452EFE9}.Debug|Any CPU.ActiveCfg = Debug|Any CPU
		{DC669ED7-BEC8-46B0-AB58-E9911452EFE9}.Debug|Any CPU.Build.0 = Debug|Any CPU
		{DC669ED7-BEC8-46B0-AB58-E9911452EFE9}.Release|Any CPU.ActiveCfg = Release|Any CPU
		{DC669ED7-BEC8-46B0-AB58-E9911452EFE9}.Release|Any CPU.Build.0 = Release|Any CPU
	EndGlobalSection
	GlobalSection(SolutionProperties) = preSolution
		HideSolutionNode = FALSE
	EndGlobalSection
	GlobalSection(ExtensibilityGlobals) = postSolution
		SolutionGuid = {4300A92D-5684-4A81-9271-34B19B1A3BDF}
	EndGlobalSection
EndGlobal
